
Microsoft Visual Studio Solution File, Format Version 12.00
# Visual Studio Version 17
VisualStudioVersion = 17.5.33530.505
MinimumVisualStudioVersion = 10.0.40219.1
Project("{FAE04EC0-301F-11D3-BF4B-00C04F79EFBC}") = "Generic_Deleigate", "Generic_Deleigate\Generic_Deleigate.csproj", "{A31E3D29-9D81-448E-89E3-2B983BCEB3BF}"
EndProject
Global
	GlobalSection(SolutionConfigurationPlatforms) = preSolution
		Debug|Any CPU = Debug|Any CPU
		Release|Any CPU = Release|Any CPU
	EndGlobalSection
	GlobalSection(ProjectConfigurationPlatforms) = postSolution
		{A31E3D29-9D81-448E-89E3-2B983BCEB3BF}.Debug|Any CPU.ActiveCfg = Debug|Any CPU
		{A31E3D29-9D81-448E-89E3-2B983BCEB3BF}.Debug|Any CPU.Build.0 = Debug|Any CPU
		{A31E3D29-9D81-448E-89E3-2B983BCEB3BF}.Release|Any CPU.ActiveCfg = Release|Any CPU
		{A31E3D29-9D81-448E-89E3-2B983BCEB3BF}.Release|Any CPU.Build.0 = Release|Any CPU
	EndGlobalSection
	GlobalSection(SolutionProperties) = preSolution
		HideSolutionNode = FALSE
	EndGlobalSection
	GlobalSection(ExtensibilityGlobals) = postSolution
		SolutionGuid = {AA46B051-8327-409A-B74A-5A44C7DD6586}
	EndGlobalSection
EndGlobal
